
Microsoft Visual Studio Solution File, Format Version 12.00
# Visual Studio Version 17
VisualStudioVersion = 17.0.31903.59
MinimumVisualStudioVersion = 10.0.40219.1
Project("{FAE04EC0-301F-11D3-BF4B-00C04F79EFBC}") = "Phoenix.Console", "Phoenix.Console\Phoenix.Console.csproj", "{1450D582-AE42-4B3C-9213-06A000A3FBA6}"
EndProject
Project("{FAE04EC0-301F-11D3-BF4B-00C04F79EFBC}") = "Phoenix.Tests", "Phoenix.Tests\Phoenix.Tests.csproj", "{3293E922-6367-41D2-AF2F-F17194067E8A}"
EndProject
Project("{FAE04EC0-301F-11D3-BF4B-00C04F79EFBC}") = "Phoenix.Web", "Phoenix.Web\Phoenix.Web.csproj", "{CB82E9E1-7AE1-40C8-98FB-88A7562607AD}"
EndProject
Global
	GlobalSection(SolutionConfigurationPlatforms) = preSolution
		Debug|Any CPU = Debug|Any CPU
		Release|Any CPU = Release|Any CPU
	EndGlobalSection
	GlobalSection(SolutionProperties) = preSolution
		HideSolutionNode = FALSE
	EndGlobalSection
	GlobalSection(ProjectConfigurationPlatforms) = postSolution
		{1450D582-AE42-4B3C-9213-06A000A3FBA6}.Debug|Any CPU.ActiveCfg = Debug|Any CPU
		{1450D582-AE42-4B3C-9213-06A000A3FBA6}.Debug|Any CPU.Build.0 = Debug|Any CPU
		{1450D582-AE42-4B3C-9213-06A000A3FBA6}.Release|Any CPU.ActiveCfg = Release|Any CPU
		{1450D582-AE42-4B3C-9213-06A000A3FBA6}.Release|Any CPU.Build.0 = Release|Any CPU
		{3293E922-6367-41D2-AF2F-F17194067E8A}.Debug|Any CPU.ActiveCfg = Debug|Any CPU
		{3293E922-6367-41D2-AF2F-F17194067E8A}.Debug|Any CPU.Build.0 = Debug|Any CPU
		{3293E922-6367-41D2-AF2F-F17194067E8A}.Release|Any CPU.ActiveCfg = Release|Any CPU
		{3293E922-6367-41D2-AF2F-F17194067E8A}.Release|Any CPU.Build.0 = Release|Any CPU
		{CB82E9E1-7AE1-40C8-98FB-88A7562607AD}.Debug|Any CPU.ActiveCfg = Debug|Any CPU
		{CB82E9E1-7AE1-40C8-98FB-88A7562607AD}.Debug|Any CPU.Build.0 = Debug|Any CPU
		{CB82E9E1-7AE1-40C8-98FB-88A7562607AD}.Release|Any CPU.ActiveCfg = Release|Any CPU
		{CB82E9E1-7AE1-40C8-98FB-88A7562607AD}.Release|Any CPU.Build.0 = Release|Any CPU
	EndGlobalSection
EndGlobal
